
Microsoft Visual Studio Solution File, Format Version 12.00
# Visual Studio Version 16
VisualStudioVersion = 16.0.31702.278
MinimumVisualStudioVersion = 10.0.40219.1
Project("{FAE04EC0-301F-11D3-BF4B-00C04F79EFBC}") = "ContosoUniversity", "ContosoUniversity\ContosoUniversity.csproj", "{D7C843A9-D4DC-4813-A63D-A0732B8ED296}"
EndProject
Global
	GlobalSection(SolutionConfigurationPlatforms) = preSolution
		Debug|Any CPU = Debug|Any CPU
		Release|Any CPU = Release|Any CPU
	EndGlobalSection
	GlobalSection(ProjectConfigurationPlatforms) = postSolution
		{D7C843A9-D4DC-4813-A63D-A0732B8ED296}.Debug|Any CPU.ActiveCfg = Debug|Any CPU
		{D7C843A9-D4DC-4813-A63D-A0732B8ED296}.Debug|Any CPU.Build.0 = Debug|Any CPU
		{D7C843A9-D4DC-4813-A63D-A0732B8ED296}.Release|Any CPU.ActiveCfg = Release|Any CPU
		{D7C843A9-D4DC-4813-A63D-A0732B8ED296}.Release|Any CPU.Build.0 = Release|Any CPU
	EndGlobalSection
	GlobalSection(SolutionProperties) = preSolution
		HideSolutionNode = FALSE
	EndGlobalSection
	GlobalSection(ExtensibilityGlobals) = postSolution
		SolutionGuid = {29CD23CA-8D9C-41DD-A47B-F7CC92DAC221}
	EndGlobalSection
EndGlobal
